
Microsoft Visual Studio Solution File, Format Version 12.00
# Visual Studio Version 17
VisualStudioVersion = 17.0.31612.314
MinimumVisualStudioVersion = 10.0.40219.1
Project("{FAE04EC0-301F-11D3-BF4B-00C04F79EFBC}") = "Task_1", "Task_1\Task_1.csproj", "{5ECC9BD9-9BBF-495D-BBED-670653733CDD}"
EndProject
Global
	GlobalSection(SolutionConfigurationPlatforms) = preSolution
		Debug|Any CPU = Debug|Any CPU
		Release|Any CPU = Release|Any CPU
	EndGlobalSection
	GlobalSection(ProjectConfigurationPlatforms) = postSolution
		{5ECC9BD9-9BBF-495D-BBED-670653733CDD}.Debug|Any CPU.ActiveCfg = Debug|Any CPU
		{5ECC9BD9-9BBF-495D-BBED-670653733CDD}.Debug|Any CPU.Build.0 = Debug|Any CPU
		{5ECC9BD9-9BBF-495D-BBED-670653733CDD}.Release|Any CPU.ActiveCfg = Release|Any CPU
		{5ECC9BD9-9BBF-495D-BBED-670653733CDD}.Release|Any CPU.Build.0 = Release|Any CPU
	EndGlobalSection
	GlobalSection(SolutionProperties) = preSolution
		HideSolutionNode = FALSE
	EndGlobalSection
	GlobalSection(ExtensibilityGlobals) = postSolution
		SolutionGuid = {5DF25E90-0C3D-4E03-91E0-E90AED89C34F}
	EndGlobalSection
EndGlobal
